
Microsoft Visual Studio Solution File, Format Version 12.00
# Visual Studio 15
VisualStudioVersion = 15.0.27428.2043
MinimumVisualStudioVersion = 10.0.40219.1
Project("{FAE04EC0-301F-11D3-BF4B-00C04F79EFBC}") = "Marvel.Android", "Marvel\Marvel.Android\Marvel.Android.csproj", "{1420E41F-DF5A-40F4-B2EA-D404EEB276BB}"
EndProject
Project("{FAE04EC0-301F-11D3-BF4B-00C04F79EFBC}") = "Marvel.iOS", "Marvel\Marvel.iOS\Marvel.iOS.csproj", "{34C8A8A3-5AAA-47A0-A3BD-03CDFC01340D}"
EndProject
Project("{FAE04EC0-301F-11D3-BF4B-00C04F79EFBC}") = "Marvel", "Marvel\Marvel\Marvel.csproj", "{1DBFB46F-1A13-493F-AE2C-AA9458F4E824}"
EndProject
Global
	GlobalSection(SolutionConfigurationPlatforms) = preSolution
		Ad-Hoc|Any CPU = Ad-Hoc|Any CPU
		Ad-Hoc|iPhone = Ad-Hoc|iPhone
		Ad-Hoc|iPhoneSimulator = Ad-Hoc|iPhoneSimulator
		AppStore|Any CPU = AppStore|Any CPU
		AppStore|iPhone = AppStore|iPhone
		AppStore|iPhoneSimulator = AppStore|iPhoneSimulator
		Debug|Any CPU = Debug|Any CPU
		Debug|iPhone = Debug|iPhone
		Debug|iPhoneSimulator = Debug|iPhoneSimulator
		Release|Any CPU = Release|Any CPU
		Release|iPhone = Release|iPhone
		Release|iPhoneSimulator = Release|iPhoneSimulator
	EndGlobalSection
	GlobalSection(ProjectConfigurationPlatforms) = postSolution
		{1420E41F-DF5A-40F4-B2EA-D404EEB276BB}.Ad-Hoc|Any CPU.ActiveCfg = Release|Any CPU
		{1420E41F-DF5A-40F4-B2EA-D404EEB276BB}.Ad-Hoc|Any CPU.Build.0 = Release|Any CPU
		{1420E41F-DF5A-40F4-B2EA-D404EEB276BB}.Ad-Hoc|Any CPU.Deploy.0 = Release|Any CPU
		{1420E41F-DF5A-40F4-B2EA-D404EEB276BB}.Ad-Hoc|iPhone.ActiveCfg = Release|Any CPU
		{1420E41F-DF5A-40F4-B2EA-D404EEB276BB}.Ad-Hoc|iPhone.Build.0 = Release|Any CPU
		{1420E41F-DF5A-40F4-B2EA-D404EEB276BB}.Ad-Hoc|iPhone.Deploy.0 = Release|Any CPU
		{1420E41F-DF5A-40F4-B2EA-D404EEB276BB}.Ad-Hoc|iPhoneSimulator.ActiveCfg = Release|Any CPU
		{1420E41F-DF5A-40F4-B2EA-D404EEB276BB}.Ad-Hoc|iPhoneSimulator.Build.0 = Release|Any CPU
		{1420E41F-DF5A-40F4-B2EA-D404EEB276BB}.Ad-Hoc|iPhoneSimulator.Deploy.0 = Release|Any CPU
		{1420E41F-DF5A-40F4-B2EA-D404EEB276BB}.AppStore|Any CPU.ActiveCfg = Release|Any CPU
		{1420E41F-DF5A-40F4-B2EA-D404EEB276BB}.AppStore|Any CPU.Build.0 = Release|Any CPU
		{1420E41F-DF5A-40F4-B2EA-D404EEB276BB}.AppStore|Any CPU.Deploy.0 = Release|Any CPU
		{1420E41F-DF5A-40F4-B2EA-D404EEB276BB}.AppStore|iPhone.ActiveCfg = Release|Any CPU
		{1420E41F-DF5A-40F4-B2EA-D404EEB276BB}.AppStore|iPhone.Build.0 = Release|Any CPU
		{1420E41F-DF5A-40F4-B2EA-D404EEB276BB}.AppStore|iPhone.Deploy.0 = Release|Any CPU
		{1420E41F-DF5A-40F4-B2EA-D404EEB276BB}.AppStore|iPhoneSimulator.ActiveCfg = Release|Any CPU
		{1420E41F-DF5A-40F4-B2EA-D404EEB276BB}.AppStore|iPhoneSimulator.Build.0 = Release|Any CPU
		{1420E41F-DF5A-40F4-B2EA-D404EEB276BB}.AppStore|iPhoneSimulator.Deploy.0 = Release|Any CPU
		{1420E41F-DF5A-40F4-B2EA-D404EEB276BB}.Debug|Any CPU.ActiveCfg = Debug|Any CPU
		{1420E41F-DF5A-40F4-B2EA-D404EEB276BB}.Debug|Any CPU.Build.0 = Debug|Any CPU
		{1420E41F-DF5A-40F4-B2EA-D404EEB276BB}.Debug|Any CPU.Deploy.0 = Debug|Any CPU
		{1420E41F-DF5A-40F4-B2EA-D404EEB276BB}.Debug|iPhone.ActiveCfg = Debug|Any CPU
		{1420E41F-DF5A-40F4-B2EA-D404EEB276BB}.Debug|iPhone.Build.0 = Debug|Any CPU
		{1420E41F-DF5A-40F4-B2EA-D404EEB276BB}.Debug|iPhone.Deploy.0 = Debug|Any CPU
		{1420E41F-DF5A-40F4-B2EA-D404EEB276BB}.Debug|iPhoneSimulator.ActiveCfg = Debug|Any CPU
		{1420E41F-DF5A-40F4-B2EA-D404EEB276BB}.Debug|iPhoneSimulator.Build.0 = Debug|Any CPU
		{1420E41F-DF5A-40F4-B2EA-D404EEB276BB}.Debug|iPhoneSimulator.Deploy.0 = Debug|Any CPU
		{1420E41F-DF5A-40F4-B2EA-D404EEB276BB}.Release|Any CPU.ActiveCfg = Release|Any CPU
		{1420E41F-DF5A-40F4-B2EA-D404EEB276BB}.Release|Any CPU.Build.0 = Release|Any CPU
		{1420E41F-DF5A-40F4-B2EA-D404EEB276BB}.Release|Any CPU.Deploy.0 = Release|Any CPU
		{1420E41F-DF5A-40F4-B2EA-D404EEB276BB}.Release|iPhone.ActiveCfg = Release|Any CPU
		{1420E41F-DF5A-40F4-B2EA-D404EEB276BB}.Release|iPhone.Build.0 = Release|Any CPU
		{1420E41F-DF5A-40F4-B2EA-D404EEB276BB}.Release|iPhone.Deploy.0 = Release|Any CPU
		{1420E41F-DF5A-40F4-B2EA-D404EEB276BB}.Release|iPhoneSimulator.ActiveCfg = Release|Any CPU
		{1420E41F-DF5A-40F4-B2EA-D404EEB276BB}.Release|iPhoneSimulator.Build.0 = Release|Any CPU
		{1420E41F-DF5A-40F4-B2EA-D404EEB276BB}.Release|iPhoneSimulator.Deploy.0 = Release|Any CPU
		{34C8A8A3-5AAA-47A0-A3BD-03CDFC01340D}.Ad-Hoc|Any CPU.ActiveCfg = Ad-Hoc|iPhone
		{34C8A8A3-5AAA-47A0-A3BD-03CDFC01340D}.Ad-Hoc|iPhone.ActiveCfg = Ad-Hoc|iPhone
		{34C8A8A3-5AAA-47A0-A3BD-03CDFC01340D}.Ad-Hoc|iPhone.Build.0 = Ad-Hoc|iPhone
		{34C8A8A3-5AAA-47A0-A3BD-03CDFC01340D}.Ad-Hoc|iPhoneSimulator.ActiveCfg = Ad-Hoc|iPhoneSimulator
		{34C8A8A3-5AAA-47A0-A3BD-03CDFC01340D}.Ad-Hoc|iPhoneSimulator.Build.0 = Ad-Hoc|iPhoneSimulator
		{34C8A8A3-5AAA-47A0-A3BD-03CDFC01340D}.AppStore|Any CPU.ActiveCfg = AppStore|iPhone
		{34C8A8A3-5AAA-47A0-A3BD-03CDFC01340D}.AppStore|iPhone.ActiveCfg = AppStore|iPhone
		{34C8A8A3-5AAA-47A0-A3BD-03CDFC01340D}.AppStore|iPhone.Build.0 = AppStore|iPhone
		{34C8A8A3-5AAA-47A0-A3BD-03CDFC01340D}.AppStore|iPhoneSimulator.ActiveCfg = AppStore|iPhoneSimulator
		{34C8A8A3-5AAA-47A0-A3BD-03CDFC01340D}.AppStore|iPhoneSimulator.Build.0 = AppStore|iPhoneSimulator
		{34C8A8A3-5AAA-47A0-A3BD-03CDFC01340D}.Debug|Any CPU.ActiveCfg = Debug|iPhone
		{34C8A8A3-5AAA-47A0-A3BD-03CDFC01340D}.Debug|iPhone.ActiveCfg = Debug|iPhone
		{34C8A8A3-5AAA-47A0-A3BD-03CDFC01340D}.Debug|iPhone.Build.0 = Debug|iPhone
		{34C8A8A3-5AAA-47A0-A3BD-03CDFC01340D}.Debug|iPhoneSimulator.ActiveCfg = Debug|iPhoneSimulator
		{34C8A8A3-5AAA-47A0-A3BD-03CDFC01340D}.Debug|iPhoneSimulator.Build.0 = Debug|iPhoneSimulator
		{34C8A8A3-5AAA-47A0-A3BD-03CDFC01340D}.Release|Any CPU.ActiveCfg = Release|iPhone
		{34C8A8A3-5AAA-47A0-A3BD-03CDFC01340D}.Release|iPhone.ActiveCfg = Release|iPhone
		{34C8A8A3-5AAA-47A0-A3BD-03CDFC01340D}.Release|iPhone.Build.0 = Release|iPhone
		{34C8A8A3-5AAA-47A0-A3BD-03CDFC01340D}.Release|iPhoneSimulator.ActiveCfg = Release|iPhoneSimulator
		{34C8A8A3-5AAA-47A0-A3BD-03CDFC01340D}.Release|iPhoneSimulator.Build.0 = Release|iPhoneSimulator
		{1DBFB46F-1A13-493F-AE2C-AA9458F4E824}.Ad-Hoc|Any CPU.ActiveCfg = Debug|Any CPU
		{1DBFB46F-1A13-493F-AE2C-AA9458F4E824}.Ad-Hoc|Any CPU.Build.0 = Debug|Any CPU
		{1DBFB46F-1A13-493F-AE2C-AA9458F4E824}.Ad-Hoc|iPhone.ActiveCfg = Debug|Any CPU
		{1DBFB46F-1A13-493F-AE2C-AA9458F4E824}.Ad-Hoc|iPhone.Build.0 = Debug|Any CPU
		{1DBFB46F-1A13-493F-AE2C-AA9458F4E824}.Ad-Hoc|iPhoneSimulator.ActiveCfg = Debug|Any CPU
		{1DBFB46F-1A13-493F-AE2C-AA9458F4E824}.Ad-Hoc|iPhoneSimulator.Build.0 = Debug|Any CPU
		{1DBFB46F-1A13-493F-AE2C-AA9458F4E824}.AppStore|Any CPU.ActiveCfg = Debug|Any CPU
		{1DBFB46F-1A13-493F-AE2C-AA9458F4E824}.AppStore|Any CPU.Build.0 = Debug|Any CPU
		{1DBFB46F-1A13-493F-AE2C-AA9458F4E824}.AppStore|iPhone.ActiveCfg = Debug|Any CPU
		{1DBFB46F-1A13-493F-AE2C-AA9458F4E824}.AppStore|iPhone.Build.0 = Debug|Any CPU
		{1DBFB46F-1A13-493F-AE2C-AA9458F4E824}.AppStore|iPhoneSimulator.ActiveCfg = Debug|Any CPU
		{1DBFB46F-1A13-493F-AE2C-AA9458F4E824}.AppStore|iPhoneSimulator.Build.0 = Debug|Any CPU
		{1DBFB46F-1A13-493F-AE2C-AA9458F4E824}.Debug|Any CPU.ActiveCfg = Debug|Any CPU
		{1DBFB46F-1A13-493F-AE2C-AA9458F4E824}.Debug|Any CPU.Build.0 = Debug|Any CPU
		{1DBFB46F-1A13-493F-AE2C-AA9458F4E824}.Debug|iPhone.ActiveCfg = Debug|Any CPU
		{1DBFB46F-1A13-493F-AE2C-AA9458F4E824}.Debug|iPhone.Build.0 = Debug|Any CPU
		{1DBFB46F-1A13-493F-AE2C-AA9458F4E824}.Debug|iPhoneSimulator.ActiveCfg = Debug|Any CPU
		{1DBFB46F-1A13-493F-AE2C-AA9458F4E824}.Debug|iPhoneSimulator.Build.0 = Debug|Any CPU
		{1DBFB46F-1A13-493F-AE2C-AA9458F4E824}.Release|Any CPU.ActiveCfg = Release|Any CPU
		{1DBFB46F-1A13-493F-AE2C-AA9458F4E824}.Release|Any CPU.Build.0 = Release|Any CPU
		{1DBFB46F-1A13-493F-AE2C-AA9458F4E824}.Release|iPhone.ActiveCfg = Release|Any CPU
		{1DBFB46F-1A13-493F-AE2C-AA9458F4E824}.Release|iPhone.Build.0 = Release|Any CPU
		{1DBFB46F-1A13-493F-AE2C-AA9458F4E824}.Release|iPhoneSimulator.ActiveCfg = Release|Any CPU
		{1DBFB46F-1A13-493F-AE2C-AA9458F4E824}.Release|iPhoneSimulator.Build.0 = Release|Any CPU
	EndGlobalSection
	GlobalSection(SolutionProperties) = preSolution
		HideSolutionNode = FALSE
	EndGlobalSection
	GlobalSection(ExtensibilityGlobals) = postSolution
		SolutionGuid = {28E3DE68-D7BE-42B6-A545-4C6489AD7294}
	EndGlobalSection
EndGlobal
